
Microsoft Visual Studio Solution File, Format Version 12.00
# Visual Studio Version 17
VisualStudioVersion = 17.9.34902.65
MinimumVisualStudioVersion = 10.0.40219.1
Project("{FAE04EC0-301F-11D3-BF4B-00C04F79EFBC}") = "DiveCsharp1", "DiveCsharp1.csproj", "{28B8E176-06B5-495B-92B0-50C1033071B1}"
EndProject
Global
	GlobalSection(SolutionConfigurationPlatforms) = preSolution
		Debug|Any CPU = Debug|Any CPU
		Release|Any CPU = Release|Any CPU
	EndGlobalSection
	GlobalSection(ProjectConfigurationPlatforms) = postSolution
		{28B8E176-06B5-495B-92B0-50C1033071B1}.Debug|Any CPU.ActiveCfg = Debug|Any CPU
		{28B8E176-06B5-495B-92B0-50C1033071B1}.Debug|Any CPU.Build.0 = Debug|Any CPU
		{28B8E176-06B5-495B-92B0-50C1033071B1}.Release|Any CPU.ActiveCfg = Release|Any CPU
		{28B8E176-06B5-495B-92B0-50C1033071B1}.Release|Any CPU.Build.0 = Release|Any CPU
	EndGlobalSection
	GlobalSection(SolutionProperties) = preSolution
		HideSolutionNode = FALSE
	EndGlobalSection
	GlobalSection(ExtensibilityGlobals) = postSolution
		SolutionGuid = {CEEF4272-3CB2-46A2-BCBB-5205F1294A50}
	EndGlobalSection
EndGlobal
