
Microsoft Visual Studio Solution File, Format Version 12.00
# Visual Studio Version 17
VisualStudioVersion = 17.10.34928.147
MinimumVisualStudioVersion = 10.0.40219.1
Project("{FAE04EC0-301F-11D3-BF4B-00C04F79EFBC}") = "FamalyTreeConsoleApp", "FamalyTreeConsoleApp.csproj", "{CB849B84-ACD2-48B1-BF20-D27E964C4276}"
EndProject
Global
	GlobalSection(SolutionConfigurationPlatforms) = preSolution
		Debug|Any CPU = Debug|Any CPU
		Release|Any CPU = Release|Any CPU
	EndGlobalSection
	GlobalSection(ProjectConfigurationPlatforms) = postSolution
		{CB849B84-ACD2-48B1-BF20-D27E964C4276}.Debug|Any CPU.ActiveCfg = Debug|Any CPU
		{CB849B84-ACD2-48B1-BF20-D27E964C4276}.Debug|Any CPU.Build.0 = Debug|Any CPU
		{CB849B84-ACD2-48B1-BF20-D27E964C4276}.Release|Any CPU.ActiveCfg = Release|Any CPU
		{CB849B84-ACD2-48B1-BF20-D27E964C4276}.Release|Any CPU.Build.0 = Release|Any CPU
	EndGlobalSection
	GlobalSection(SolutionProperties) = preSolution
		HideSolutionNode = FALSE
	EndGlobalSection
	GlobalSection(ExtensibilityGlobals) = postSolution
		SolutionGuid = {4125A4DC-E063-4958-81D8-3E43DF0A2A71}
	EndGlobalSection
EndGlobal
